
Microsoft Visual Studio Solution File, Format Version 12.00
# Visual Studio 15
VisualStudioVersion = 15.0.26014.0
MinimumVisualStudioVersion = 10.0.40219.1
Project("{2150E333-8FDC-42A3-9474-1A3956D46DE8}") = "src", "src", "{5473CDED-F05D-4D3E-898F-61113F316D13}"
EndProject
Project("{2150E333-8FDC-42A3-9474-1A3956D46DE8}") = "Solution Items", "Solution Items", "{9C54E330-D0A6-4BD4-8372-124D260577A4}"
	ProjectSection(SolutionItems) = preProject
		.gitignore = .gitignore
		appveyor.yml = appveyor.yml
		Build.ps1 = Build.ps1
		global.json = global.json
		LICENSE.txt = LICENSE.txt
		README.md = README.md
	EndProjectSection
EndProject
Project("{2150E333-8FDC-42A3-9474-1A3956D46DE8}") = "test", "test", "{D31F364E-F3B2-41FB-88EC-B9F61FC88A9D}"
EndProject
Project("{2150E333-8FDC-42A3-9474-1A3956D46DE8}") = "sample", "sample", "{91A9BB08-484F-41AF-927E-0675E089C66F}"
EndProject
Project("{2150E333-8FDC-42A3-9474-1A3956D46DE8}") = "ConfigProviders", "ConfigProviders", "{3B5D2BB9-AE98-4C7E-8108-0E1E9E647E4A}"
EndProject
Project("{9A19103F-16F7-4668-BE54-9A1E7A4F7556}") = "ConfigServer.Core", "src\ConfigServer.Core\ConfigServer.Core.csproj", "{58157454-B4E0-45C7-92C6-E62E4DD6C322}"
EndProject
Project("{9A19103F-16F7-4668-BE54-9A1E7A4F7556}") = "ConfigServer.Server", "src\ConfigServer.Server\ConfigServer.Server.csproj", "{1C0D49F8-F675-4544-8407-91320E3E1E9F}"
EndProject
Project("{9A19103F-16F7-4668-BE54-9A1E7A4F7556}") = "ConfigServer.Client", "src\ConfigServer.Client\ConfigServer.Client.csproj", "{55FC53FD-70DD-49E5-BEEC-65B996E3076E}"
EndProject
Project("{9A19103F-16F7-4668-BE54-9A1E7A4F7556}") = "ConfigServer.Gui", "src\ConfigServer.Gui\ConfigServer.Gui.csproj", "{37E856CB-75BF-4DD8-8E42-2149E9C51B2C}"
EndProject
Project("{9A19103F-16F7-4668-BE54-9A1E7A4F7556}") = "ConfigServer.AzureBlobStorageProvider", "src\ConfigServer.AzureBlobStorageProvider\ConfigServer.AzureBlobStorageProvider.csproj", "{A20F7A61-C4FF-4EB4-8226-5C15C68D08DF}"
EndProject
Project("{9A19103F-16F7-4668-BE54-9A1E7A4F7556}") = "ConfigServer.FileProvider", "src\ConfigServer.FileProvider\ConfigServer.FileProvider.csproj", "{57E6B463-F5A6-483E-BB96-472B5E34335D}"
EndProject
Project("{9A19103F-16F7-4668-BE54-9A1E7A4F7556}") = "ConfigServer.InMemoryProvider", "src\ConfigServer.InMemoryProvider\ConfigServer.InMemoryProvider.csproj", "{785ACF55-D082-4582-AFE9-FA07D330A8A9}"
EndProject
Project("{9A19103F-16F7-4668-BE54-9A1E7A4F7556}") = "ConfigServer.Sample.mvc", "sample\ConfigServer.Sample.mvc\ConfigServer.Sample.mvc.csproj", "{6A88BDBD-A52A-4182-8F5A-F81665D8B820}"
EndProject
Project("{9A19103F-16F7-4668-BE54-9A1E7A4F7556}") = "ConfigServer.Sample.mvcApp2", "sample\ConfigServer.Sample.mvcApp2\ConfigServer.Sample.mvcApp2.csproj", "{7EEFAF69-156E-4CB6-8496-DA4D58035068}"
EndProject
Project("{9A19103F-16F7-4668-BE54-9A1E7A4F7556}") = "ConfigServer.Core.Tests", "test\ConfigServer.Core.Tests\ConfigServer.Core.Tests.csproj", "{7D2D77FC-2BE6-429D-8A33-1CA2BC0E7BC2}"
EndProject
Global
	GlobalSection(SolutionConfigurationPlatforms) = preSolution
		Debug|Any CPU = Debug|Any CPU
		Debug|x64 = Debug|x64
		Debug|x86 = Debug|x86
		Release|Any CPU = Release|Any CPU
		Release|x64 = Release|x64
		Release|x86 = Release|x86
	EndGlobalSection
	GlobalSection(ProjectConfigurationPlatforms) = postSolution
		{58157454-B4E0-45C7-92C6-E62E4DD6C322}.Debug|Any CPU.ActiveCfg = Debug|Any CPU
		{58157454-B4E0-45C7-92C6-E62E4DD6C322}.Debug|Any CPU.Build.0 = Debug|Any CPU
		{58157454-B4E0-45C7-92C6-E62E4DD6C322}.Debug|x64.ActiveCfg = Debug|x64
		{58157454-B4E0-45C7-92C6-E62E4DD6C322}.Debug|x64.Build.0 = Debug|x64
		{58157454-B4E0-45C7-92C6-E62E4DD6C322}.Debug|x86.ActiveCfg = Debug|x86
		{58157454-B4E0-45C7-92C6-E62E4DD6C322}.Debug|x86.Build.0 = Debug|x86
		{58157454-B4E0-45C7-92C6-E62E4DD6C322}.Release|Any CPU.ActiveCfg = Release|Any CPU
		{58157454-B4E0-45C7-92C6-E62E4DD6C322}.Release|Any CPU.Build.0 = Release|Any CPU
		{58157454-B4E0-45C7-92C6-E62E4DD6C322}.Release|x64.ActiveCfg = Release|x64
		{58157454-B4E0-45C7-92C6-E62E4DD6C322}.Release|x64.Build.0 = Release|x64
		{58157454-B4E0-45C7-92C6-E62E4DD6C322}.Release|x86.ActiveCfg = Release|x86
		{58157454-B4E0-45C7-92C6-E62E4DD6C322}.Release|x86.Build.0 = Release|x86
		{1C0D49F8-F675-4544-8407-91320E3E1E9F}.Debug|Any CPU.ActiveCfg = Debug|Any CPU
		{1C0D49F8-F675-4544-8407-91320E3E1E9F}.Debug|Any CPU.Build.0 = Debug|Any CPU
		{1C0D49F8-F675-4544-8407-91320E3E1E9F}.Debug|x64.ActiveCfg = Debug|x64
		{1C0D49F8-F675-4544-8407-91320E3E1E9F}.Debug|x64.Build.0 = Debug|x64
		{1C0D49F8-F675-4544-8407-91320E3E1E9F}.Debug|x86.ActiveCfg = Debug|x86
		{1C0D49F8-F675-4544-8407-91320E3E1E9F}.Debug|x86.Build.0 = Debug|x86
		{1C0D49F8-F675-4544-8407-91320E3E1E9F}.Release|Any CPU.ActiveCfg = Release|Any CPU
		{1C0D49F8-F675-4544-8407-91320E3E1E9F}.Release|Any CPU.Build.0 = Release|Any CPU
		{1C0D49F8-F675-4544-8407-91320E3E1E9F}.Release|x64.ActiveCfg = Release|x64
		{1C0D49F8-F675-4544-8407-91320E3E1E9F}.Release|x64.Build.0 = Release|x64
		{1C0D49F8-F675-4544-8407-91320E3E1E9F}.Release|x86.ActiveCfg = Release|x86
		{1C0D49F8-F675-4544-8407-91320E3E1E9F}.Release|x86.Build.0 = Release|x86
		{55FC53FD-70DD-49E5-BEEC-65B996E3076E}.Debug|Any CPU.ActiveCfg = Debug|Any CPU
		{55FC53FD-70DD-49E5-BEEC-65B996E3076E}.Debug|Any CPU.Build.0 = Debug|Any CPU
		{55FC53FD-70DD-49E5-BEEC-65B996E3076E}.Debug|x64.ActiveCfg = Debug|x64
		{55FC53FD-70DD-49E5-BEEC-65B996E3076E}.Debug|x64.Build.0 = Debug|x64
		{55FC53FD-70DD-49E5-BEEC-65B996E3076E}.Debug|x86.ActiveCfg = Debug|x86
		{55FC53FD-70DD-49E5-BEEC-65B996E3076E}.Debug|x86.Build.0 = Debug|x86
		{55FC53FD-70DD-49E5-BEEC-65B996E3076E}.Release|Any CPU.ActiveCfg = Release|Any CPU
		{55FC53FD-70DD-49E5-BEEC-65B996E3076E}.Release|Any CPU.Build.0 = Release|Any CPU
		{55FC53FD-70DD-49E5-BEEC-65B996E3076E}.Release|x64.ActiveCfg = Release|x64
		{55FC53FD-70DD-49E5-BEEC-65B996E3076E}.Release|x64.Build.0 = Release|x64
		{55FC53FD-70DD-49E5-BEEC-65B996E3076E}.Release|x86.ActiveCfg = Release|x86
		{55FC53FD-70DD-49E5-BEEC-65B996E3076E}.Release|x86.Build.0 = Release|x86
		{37E856CB-75BF-4DD8-8E42-2149E9C51B2C}.Debug|Any CPU.ActiveCfg = Debug|Any CPU
		{37E856CB-75BF-4DD8-8E42-2149E9C51B2C}.Debug|Any CPU.Build.0 = Debug|Any CPU
		{37E856CB-75BF-4DD8-8E42-2149E9C51B2C}.Debug|x64.ActiveCfg = Debug|x64
		{37E856CB-75BF-4DD8-8E42-2149E9C51B2C}.Debug|x64.Build.0 = Debug|x64
		{37E856CB-75BF-4DD8-8E42-2149E9C51B2C}.Debug|x86.ActiveCfg = Debug|x86
		{37E856CB-75BF-4DD8-8E42-2149E9C51B2C}.Debug|x86.Build.0 = Debug|x86
		{37E856CB-75BF-4DD8-8E42-2149E9C51B2C}.Release|Any CPU.ActiveCfg = Release|Any CPU
		{37E856CB-75BF-4DD8-8E42-2149E9C51B2C}.Release|Any CPU.Build.0 = Release|Any CPU
		{37E856CB-75BF-4DD8-8E42-2149E9C51B2C}.Release|x64.ActiveCfg = Release|x64
		{37E856CB-75BF-4DD8-8E42-2149E9C51B2C}.Release|x64.Build.0 = Release|x64
		{37E856CB-75BF-4DD8-8E42-2149E9C51B2C}.Release|x86.ActiveCfg = Release|x86
		{37E856CB-75BF-4DD8-8E42-2149E9C51B2C}.Release|x86.Build.0 = Release|x86
		{A20F7A61-C4FF-4EB4-8226-5C15C68D08DF}.Debug|Any CPU.ActiveCfg = Debug|Any CPU
		{A20F7A61-C4FF-4EB4-8226-5C15C68D08DF}.Debug|Any CPU.Build.0 = Debug|Any CPU
		{A20F7A61-C4FF-4EB4-8226-5C15C68D08DF}.Debug|x64.ActiveCfg = Debug|x64
		{A20F7A61-C4FF-4EB4-8226-5C15C68D08DF}.Debug|x64.Build.0 = Debug|x64
		{A20F7A61-C4FF-4EB4-8226-5C15C68D08DF}.Debug|x86.ActiveCfg = Debug|x86
		{A20F7A61-C4FF-4EB4-8226-5C15C68D08DF}.Debug|x86.Build.0 = Debug|x86
		{A20F7A61-C4FF-4EB4-8226-5C15C68D08DF}.Release|Any CPU.ActiveCfg = Release|Any CPU
		{A20F7A61-C4FF-4EB4-8226-5C15C68D08DF}.Release|Any CPU.Build.0 = Release|Any CPU
		{A20F7A61-C4FF-4EB4-8226-5C15C68D08DF}.Release|x64.ActiveCfg = Release|x64
		{A20F7A61-C4FF-4EB4-8226-5C15C68D08DF}.Release|x64.Build.0 = Release|x64
		{A20F7A61-C4FF-4EB4-8226-5C15C68D08DF}.Release|x86.ActiveCfg = Release|x86
		{A20F7A61-C4FF-4EB4-8226-5C15C68D08DF}.Release|x86.Build.0 = Release|x86
		{57E6B463-F5A6-483E-BB96-472B5E34335D}.Debug|Any CPU.ActiveCfg = Debug|Any CPU
		{57E6B463-F5A6-483E-BB96-472B5E34335D}.Debug|Any CPU.Build.0 = Debug|Any CPU
		{57E6B463-F5A6-483E-BB96-472B5E34335D}.Debug|x64.ActiveCfg = Debug|x64
		{57E6B463-F5A6-483E-BB96-472B5E34335D}.Debug|x64.Build.0 = Debug|x64
		{57E6B463-F5A6-483E-BB96-472B5E34335D}.Debug|x86.ActiveCfg = Debug|x86
		{57E6B463-F5A6-483E-BB96-472B5E34335D}.Debug|x86.Build.0 = Debug|x86
		{57E6B463-F5A6-483E-BB96-472B5E34335D}.Release|Any CPU.ActiveCfg = Release|Any CPU
		{57E6B463-F5A6-483E-BB96-472B5E34335D}.Release|Any CPU.Build.0 = Release|Any CPU
		{57E6B463-F5A6-483E-BB96-472B5E34335D}.Release|x64.ActiveCfg = Release|x64
		{57E6B463-F5A6-483E-BB96-472B5E34335D}.Release|x64.Build.0 = Release|x64
		{57E6B463-F5A6-483E-BB96-472B5E34335D}.Release|x86.ActiveCfg = Release|x86
		{57E6B463-F5A6-483E-BB96-472B5E34335D}.Release|x86.Build.0 = Release|x86
		{785ACF55-D082-4582-AFE9-FA07D330A8A9}.Debug|Any CPU.ActiveCfg = Debug|Any CPU
		{785ACF55-D082-4582-AFE9-FA07D330A8A9}.Debug|Any CPU.Build.0 = Debug|Any CPU
		{785ACF55-D082-4582-AFE9-FA07D330A8A9}.Debug|x64.ActiveCfg = Debug|x64
		{785ACF55-D082-4582-AFE9-FA07D330A8A9}.Debug|x64.Build.0 = Debug|x64
		{785ACF55-D082-4582-AFE9-FA07D330A8A9}.Debug|x86.ActiveCfg = Debug|x86
		{785ACF55-D082-4582-AFE9-FA07D330A8A9}.Debug|x86.Build.0 = Debug|x86
		{785ACF55-D082-4582-AFE9-FA07D330A8A9}.Release|Any CPU.ActiveCfg = Release|Any CPU
		{785ACF55-D082-4582-AFE9-FA07D330A8A9}.Release|Any CPU.Build.0 = Release|Any CPU
		{785ACF55-D082-4582-AFE9-FA07D330A8A9}.Release|x64.ActiveCfg = Release|x64
		{785ACF55-D082-4582-AFE9-FA07D330A8A9}.Release|x64.Build.0 = Release|x64
		{785ACF55-D082-4582-AFE9-FA07D330A8A9}.Release|x86.ActiveCfg = Release|x86
		{785ACF55-D082-4582-AFE9-FA07D330A8A9}.Release|x86.Build.0 = Release|x86
		{6A88BDBD-A52A-4182-8F5A-F81665D8B820}.Debug|Any CPU.ActiveCfg = Debug|Any CPU
		{6A88BDBD-A52A-4182-8F5A-F81665D8B820}.Debug|Any CPU.Build.0 = Debug|Any CPU
		{6A88BDBD-A52A-4182-8F5A-F81665D8B820}.Debug|x64.ActiveCfg = Debug|x64
		{6A88BDBD-A52A-4182-8F5A-F81665D8B820}.Debug|x64.Build.0 = Debug|x64
		{6A88BDBD-A52A-4182-8F5A-F81665D8B820}.Debug|x86.ActiveCfg = Debug|x86
		{6A88BDBD-A52A-4182-8F5A-F81665D8B820}.Debug|x86.Build.0 = Debug|x86
		{6A88BDBD-A52A-4182-8F5A-F81665D8B820}.Release|Any CPU.ActiveCfg = Release|Any CPU
		{6A88BDBD-A52A-4182-8F5A-F81665D8B820}.Release|Any CPU.Build.0 = Release|Any CPU
		{6A88BDBD-A52A-4182-8F5A-F81665D8B820}.Release|x64.ActiveCfg = Release|x64
		{6A88BDBD-A52A-4182-8F5A-F81665D8B820}.Release|x64.Build.0 = Release|x64
		{6A88BDBD-A52A-4182-8F5A-F81665D8B820}.Release|x86.ActiveCfg = Release|x86
		{6A88BDBD-A52A-4182-8F5A-F81665D8B820}.Release|x86.Build.0 = Release|x86
		{7EEFAF69-156E-4CB6-8496-DA4D58035068}.Debug|Any CPU.ActiveCfg = Debug|Any CPU
		{7EEFAF69-156E-4CB6-8496-DA4D58035068}.Debug|Any CPU.Build.0 = Debug|Any CPU
		{7EEFAF69-156E-4CB6-8496-DA4D58035068}.Debug|x64.ActiveCfg = Debug|x64
		{7EEFAF69-156E-4CB6-8496-DA4D58035068}.Debug|x64.Build.0 = Debug|x64
		{7EEFAF69-156E-4CB6-8496-DA4D58035068}.Debug|x86.ActiveCfg = Debug|x86
		{7EEFAF69-156E-4CB6-8496-DA4D58035068}.Debug|x86.Build.0 = Debug|x86
		{7EEFAF69-156E-4CB6-8496-DA4D58035068}.Release|Any CPU.ActiveCfg = Release|Any CPU
		{7EEFAF69-156E-4CB6-8496-DA4D58035068}.Release|Any CPU.Build.0 = Release|Any CPU
		{7EEFAF69-156E-4CB6-8496-DA4D58035068}.Release|x64.ActiveCfg = Release|x64
		{7EEFAF69-156E-4CB6-8496-DA4D58035068}.Release|x64.Build.0 = Release|x64
		{7EEFAF69-156E-4CB6-8496-DA4D58035068}.Release|x86.ActiveCfg = Release|x86
		{7EEFAF69-156E-4CB6-8496-DA4D58035068}.Release|x86.Build.0 = Release|x86
		{7D2D77FC-2BE6-429D-8A33-1CA2BC0E7BC2}.Debug|Any CPU.ActiveCfg = Debug|Any CPU
		{7D2D77FC-2BE6-429D-8A33-1CA2BC0E7BC2}.Debug|Any CPU.Build.0 = Debug|Any CPU
		{7D2D77FC-2BE6-429D-8A33-1CA2BC0E7BC2}.Debug|x64.ActiveCfg = Debug|x64
		{7D2D77FC-2BE6-429D-8A33-1CA2BC0E7BC2}.Debug|x64.Build.0 = Debug|x64
		{7D2D77FC-2BE6-429D-8A33-1CA2BC0E7BC2}.Debug|x86.ActiveCfg = Debug|x86
		{7D2D77FC-2BE6-429D-8A33-1CA2BC0E7BC2}.Debug|x86.Build.0 = Debug|x86
		{7D2D77FC-2BE6-429D-8A33-1CA2BC0E7BC2}.Release|Any CPU.ActiveCfg = Release|Any CPU
		{7D2D77FC-2BE6-429D-8A33-1CA2BC0E7BC2}.Release|Any CPU.Build.0 = Release|Any CPU
		{7D2D77FC-2BE6-429D-8A33-1CA2BC0E7BC2}.Release|x64.ActiveCfg = Release|x64
		{7D2D77FC-2BE6-429D-8A33-1CA2BC0E7BC2}.Release|x64.Build.0 = Release|x64
		{7D2D77FC-2BE6-429D-8A33-1CA2BC0E7BC2}.Release|x86.ActiveCfg = Release|x86
		{7D2D77FC-2BE6-429D-8A33-1CA2BC0E7BC2}.Release|x86.Build.0 = Release|x86
	EndGlobalSection
	GlobalSection(SolutionProperties) = preSolution
		HideSolutionNode = FALSE
	EndGlobalSection
	GlobalSection(NestedProjects) = preSolution
		{3B5D2BB9-AE98-4C7E-8108-0E1E9E647E4A} = {5473CDED-F05D-4D3E-898F-61113F316D13}
		{58157454-B4E0-45C7-92C6-E62E4DD6C322} = {5473CDED-F05D-4D3E-898F-61113F316D13}
		{1C0D49F8-F675-4544-8407-91320E3E1E9F} = {5473CDED-F05D-4D3E-898F-61113F316D13}
		{55FC53FD-70DD-49E5-BEEC-65B996E3076E} = {5473CDED-F05D-4D3E-898F-61113F316D13}
		{37E856CB-75BF-4DD8-8E42-2149E9C51B2C} = {5473CDED-F05D-4D3E-898F-61113F316D13}
		{A20F7A61-C4FF-4EB4-8226-5C15C68D08DF} = {3B5D2BB9-AE98-4C7E-8108-0E1E9E647E4A}
		{57E6B463-F5A6-483E-BB96-472B5E34335D} = {3B5D2BB9-AE98-4C7E-8108-0E1E9E647E4A}
		{785ACF55-D082-4582-AFE9-FA07D330A8A9} = {3B5D2BB9-AE98-4C7E-8108-0E1E9E647E4A}
		{6A88BDBD-A52A-4182-8F5A-F81665D8B820} = {91A9BB08-484F-41AF-927E-0675E089C66F}
		{7EEFAF69-156E-4CB6-8496-DA4D58035068} = {91A9BB08-484F-41AF-927E-0675E089C66F}
		{7D2D77FC-2BE6-429D-8A33-1CA2BC0E7BC2} = {D31F364E-F3B2-41FB-88EC-B9F61FC88A9D}
	EndGlobalSection
EndGlobal
