
Microsoft Visual Studio Solution File, Format Version 12.00
# Visual Studio 15
VisualStudioVersion = 15.0.26730.15
MinimumVisualStudioVersion = 10.0.40219.1
Project("{2150E333-8FDC-42A3-9474-1A3956D46DE8}") = "src", "src", "{5473CDED-F05D-4D3E-898F-61113F316D13}"
EndProject
Project("{2150E333-8FDC-42A3-9474-1A3956D46DE8}") = "Solution Items", "Solution Items", "{9C54E330-D0A6-4BD4-8372-124D260577A4}"
	ProjectSection(SolutionItems) = preProject
		.gitignore = .gitignore
		appveyor.yml = appveyor.yml
		Build.ps1 = Build.ps1
		common.props = common.props
		global.json = global.json
		LICENSE.txt = LICENSE.txt
		README.md = README.md
	EndProjectSection
EndProject
Project("{2150E333-8FDC-42A3-9474-1A3956D46DE8}") = "test", "test", "{D31F364E-F3B2-41FB-88EC-B9F61FC88A9D}"
EndProject
Project("{2150E333-8FDC-42A3-9474-1A3956D46DE8}") = "sample", "sample", "{91A9BB08-484F-41AF-927E-0675E089C66F}"
EndProject
Project("{2150E333-8FDC-42A3-9474-1A3956D46DE8}") = "ConfigProviders", "ConfigProviders", "{3B5D2BB9-AE98-4C7E-8108-0E1E9E647E4A}"
EndProject
Project("{9A19103F-16F7-4668-BE54-9A1E7A4F7556}") = "ConfigServer.Core", "src\ConfigServer.Core\ConfigServer.Core.csproj", "{58157454-B4E0-45C7-92C6-E62E4DD6C322}"
EndProject
Project("{9A19103F-16F7-4668-BE54-9A1E7A4F7556}") = "ConfigServer.Server", "src\ConfigServer.Server\ConfigServer.Server.csproj", "{1C0D49F8-F675-4544-8407-91320E3E1E9F}"
EndProject
Project("{9A19103F-16F7-4668-BE54-9A1E7A4F7556}") = "ConfigServer.Client", "src\ConfigServer.Client\ConfigServer.Client.csproj", "{55FC53FD-70DD-49E5-BEEC-65B996E3076E}"
EndProject
Project("{9A19103F-16F7-4668-BE54-9A1E7A4F7556}") = "ConfigServer.Gui", "src\ConfigServer.Gui\ConfigServer.Gui.csproj", "{37E856CB-75BF-4DD8-8E42-2149E9C51B2C}"
EndProject
Project("{9A19103F-16F7-4668-BE54-9A1E7A4F7556}") = "ConfigServer.Sample.mvc", "sample\ConfigServer.Sample.mvc\ConfigServer.Sample.mvc.csproj", "{6A88BDBD-A52A-4182-8F5A-F81665D8B820}"
EndProject
Project("{9A19103F-16F7-4668-BE54-9A1E7A4F7556}") = "ConfigServer.Sample.mvcApp2", "sample\ConfigServer.Sample.mvcApp2\ConfigServer.Sample.mvcApp2.csproj", "{7EEFAF69-156E-4CB6-8496-DA4D58035068}"
EndProject
Project("{9A19103F-16F7-4668-BE54-9A1E7A4F7556}") = "ConfigServer.Core.Tests", "test\ConfigServer.Core.Tests\ConfigServer.Core.Tests.csproj", "{7D2D77FC-2BE6-429D-8A33-1CA2BC0E7BC2}"
EndProject
Project("{9A19103F-16F7-4668-BE54-9A1E7A4F7556}") = "ConfigServer.AzureBlobStorageProvider", "src\ConfigProviders\ConfigServer.AzureBlobStorageProvider\ConfigServer.AzureBlobStorageProvider.csproj", "{FA9E327F-0484-4A30-BA71-0CEB7B540647}"
EndProject
Project("{9A19103F-16F7-4668-BE54-9A1E7A4F7556}") = "ConfigServer.FileProvider", "src\ConfigProviders\ConfigServer.FileProvider\ConfigServer.FileProvider.csproj", "{9CFFA655-AF00-4255-9A89-BFA39D3EB92A}"
EndProject
Project("{9A19103F-16F7-4668-BE54-9A1E7A4F7556}") = "ConfigServer.InMemoryProvider", "src\ConfigProviders\ConfigServer.InMemoryProvider\ConfigServer.InMemoryProvider.csproj", "{CCA8A574-77A6-4BD1-AC51-91090460BEBF}"
EndProject
Project("{9A19103F-16F7-4668-BE54-9A1E7A4F7556}") = "ConfigServer.TextProvider.Core", "src\ConfigProviders\ConfigServer.TextProvider.Core\ConfigServer.TextProvider.Core.csproj", "{66A6E6D4-ED94-483C-9E9B-73AE19BF0CA8}"
EndProject
Project("{9A19103F-16F7-4668-BE54-9A1E7A4F7556}") = "ConfigServer.Client.Builder", "src\ConfigServer.Client.Builder\ConfigServer.Client.Builder.csproj", "{24A78F07-BD99-4969-AB6F-0B6A15F4C2E9}"
EndProject
Project("{FAE04EC0-301F-11D3-BF4B-00C04F79EFBC}") = "ConfigServer.IntegrationTests", "test\ConfigServer.IntegrationTests\ConfigServer.IntegrationTests.csproj", "{EB20A70A-E737-4181-A35F-9B84BADCFB19}"
EndProject
Project("{2150E333-8FDC-42A3-9474-1A3956D46DE8}") = "models", "models", "{D7CE84ED-0483-4DC2-8730-67564020976B}"
EndProject
Project("{FAE04EC0-301F-11D3-BF4B-00C04F79EFBC}") = "ConfigServer.TestModels", "models\ConfigServer.TestModels\ConfigServer.TestModels.csproj", "{70EFD234-0A6D-4827-AE22-DAF69449EBE1}"
EndProject
Global
	GlobalSection(SolutionConfigurationPlatforms) = preSolution
		Debug|Any CPU = Debug|Any CPU
		Debug|x64 = Debug|x64
		Debug|x86 = Debug|x86
		Release|Any CPU = Release|Any CPU
		Release|x64 = Release|x64
		Release|x86 = Release|x86
	EndGlobalSection
	GlobalSection(ProjectConfigurationPlatforms) = postSolution
		{58157454-B4E0-45C7-92C6-E62E4DD6C322}.Debug|Any CPU.ActiveCfg = Debug|Any CPU
		{58157454-B4E0-45C7-92C6-E62E4DD6C322}.Debug|Any CPU.Build.0 = Debug|Any CPU
		{58157454-B4E0-45C7-92C6-E62E4DD6C322}.Debug|x64.ActiveCfg = Debug|Any CPU
		{58157454-B4E0-45C7-92C6-E62E4DD6C322}.Debug|x64.Build.0 = Debug|Any CPU
		{58157454-B4E0-45C7-92C6-E62E4DD6C322}.Debug|x86.ActiveCfg = Debug|Any CPU
		{58157454-B4E0-45C7-92C6-E62E4DD6C322}.Debug|x86.Build.0 = Debug|Any CPU
		{58157454-B4E0-45C7-92C6-E62E4DD6C322}.Release|Any CPU.ActiveCfg = Release|Any CPU
		{58157454-B4E0-45C7-92C6-E62E4DD6C322}.Release|Any CPU.Build.0 = Release|Any CPU
		{58157454-B4E0-45C7-92C6-E62E4DD6C322}.Release|x64.ActiveCfg = Release|Any CPU
		{58157454-B4E0-45C7-92C6-E62E4DD6C322}.Release|x64.Build.0 = Release|Any CPU
		{58157454-B4E0-45C7-92C6-E62E4DD6C322}.Release|x86.ActiveCfg = Release|Any CPU
		{58157454-B4E0-45C7-92C6-E62E4DD6C322}.Release|x86.Build.0 = Release|Any CPU
		{1C0D49F8-F675-4544-8407-91320E3E1E9F}.Debug|Any CPU.ActiveCfg = Debug|Any CPU
		{1C0D49F8-F675-4544-8407-91320E3E1E9F}.Debug|Any CPU.Build.0 = Debug|Any CPU
		{1C0D49F8-F675-4544-8407-91320E3E1E9F}.Debug|x64.ActiveCfg = Debug|Any CPU
		{1C0D49F8-F675-4544-8407-91320E3E1E9F}.Debug|x64.Build.0 = Debug|Any CPU
		{1C0D49F8-F675-4544-8407-91320E3E1E9F}.Debug|x86.ActiveCfg = Debug|Any CPU
		{1C0D49F8-F675-4544-8407-91320E3E1E9F}.Debug|x86.Build.0 = Debug|Any CPU
		{1C0D49F8-F675-4544-8407-91320E3E1E9F}.Release|Any CPU.ActiveCfg = Release|Any CPU
		{1C0D49F8-F675-4544-8407-91320E3E1E9F}.Release|Any CPU.Build.0 = Release|Any CPU
		{1C0D49F8-F675-4544-8407-91320E3E1E9F}.Release|x64.ActiveCfg = Release|Any CPU
		{1C0D49F8-F675-4544-8407-91320E3E1E9F}.Release|x64.Build.0 = Release|Any CPU
		{1C0D49F8-F675-4544-8407-91320E3E1E9F}.Release|x86.ActiveCfg = Release|Any CPU
		{1C0D49F8-F675-4544-8407-91320E3E1E9F}.Release|x86.Build.0 = Release|Any CPU
		{55FC53FD-70DD-49E5-BEEC-65B996E3076E}.Debug|Any CPU.ActiveCfg = Debug|Any CPU
		{55FC53FD-70DD-49E5-BEEC-65B996E3076E}.Debug|Any CPU.Build.0 = Debug|Any CPU
		{55FC53FD-70DD-49E5-BEEC-65B996E3076E}.Debug|x64.ActiveCfg = Debug|Any CPU
		{55FC53FD-70DD-49E5-BEEC-65B996E3076E}.Debug|x64.Build.0 = Debug|Any CPU
		{55FC53FD-70DD-49E5-BEEC-65B996E3076E}.Debug|x86.ActiveCfg = Debug|Any CPU
		{55FC53FD-70DD-49E5-BEEC-65B996E3076E}.Debug|x86.Build.0 = Debug|Any CPU
		{55FC53FD-70DD-49E5-BEEC-65B996E3076E}.Release|Any CPU.ActiveCfg = Release|Any CPU
		{55FC53FD-70DD-49E5-BEEC-65B996E3076E}.Release|Any CPU.Build.0 = Release|Any CPU
		{55FC53FD-70DD-49E5-BEEC-65B996E3076E}.Release|x64.ActiveCfg = Release|Any CPU
		{55FC53FD-70DD-49E5-BEEC-65B996E3076E}.Release|x64.Build.0 = Release|Any CPU
		{55FC53FD-70DD-49E5-BEEC-65B996E3076E}.Release|x86.ActiveCfg = Release|Any CPU
		{55FC53FD-70DD-49E5-BEEC-65B996E3076E}.Release|x86.Build.0 = Release|Any CPU
		{37E856CB-75BF-4DD8-8E42-2149E9C51B2C}.Debug|Any CPU.ActiveCfg = Debug|Any CPU
		{37E856CB-75BF-4DD8-8E42-2149E9C51B2C}.Debug|Any CPU.Build.0 = Debug|Any CPU
		{37E856CB-75BF-4DD8-8E42-2149E9C51B2C}.Debug|x64.ActiveCfg = Debug|Any CPU
		{37E856CB-75BF-4DD8-8E42-2149E9C51B2C}.Debug|x64.Build.0 = Debug|Any CPU
		{37E856CB-75BF-4DD8-8E42-2149E9C51B2C}.Debug|x86.ActiveCfg = Debug|Any CPU
		{37E856CB-75BF-4DD8-8E42-2149E9C51B2C}.Debug|x86.Build.0 = Debug|Any CPU
		{37E856CB-75BF-4DD8-8E42-2149E9C51B2C}.Release|Any CPU.ActiveCfg = Release|Any CPU
		{37E856CB-75BF-4DD8-8E42-2149E9C51B2C}.Release|Any CPU.Build.0 = Release|Any CPU
		{37E856CB-75BF-4DD8-8E42-2149E9C51B2C}.Release|x64.ActiveCfg = Release|Any CPU
		{37E856CB-75BF-4DD8-8E42-2149E9C51B2C}.Release|x64.Build.0 = Release|Any CPU
		{37E856CB-75BF-4DD8-8E42-2149E9C51B2C}.Release|x86.ActiveCfg = Release|Any CPU
		{37E856CB-75BF-4DD8-8E42-2149E9C51B2C}.Release|x86.Build.0 = Release|Any CPU
		{6A88BDBD-A52A-4182-8F5A-F81665D8B820}.Debug|Any CPU.ActiveCfg = Debug|Any CPU
		{6A88BDBD-A52A-4182-8F5A-F81665D8B820}.Debug|Any CPU.Build.0 = Debug|Any CPU
		{6A88BDBD-A52A-4182-8F5A-F81665D8B820}.Debug|x64.ActiveCfg = Debug|Any CPU
		{6A88BDBD-A52A-4182-8F5A-F81665D8B820}.Debug|x64.Build.0 = Debug|Any CPU
		{6A88BDBD-A52A-4182-8F5A-F81665D8B820}.Debug|x86.ActiveCfg = Debug|Any CPU
		{6A88BDBD-A52A-4182-8F5A-F81665D8B820}.Debug|x86.Build.0 = Debug|Any CPU
		{6A88BDBD-A52A-4182-8F5A-F81665D8B820}.Release|Any CPU.ActiveCfg = Release|Any CPU
		{6A88BDBD-A52A-4182-8F5A-F81665D8B820}.Release|Any CPU.Build.0 = Release|Any CPU
		{6A88BDBD-A52A-4182-8F5A-F81665D8B820}.Release|x64.ActiveCfg = Release|Any CPU
		{6A88BDBD-A52A-4182-8F5A-F81665D8B820}.Release|x64.Build.0 = Release|Any CPU
		{6A88BDBD-A52A-4182-8F5A-F81665D8B820}.Release|x86.ActiveCfg = Release|Any CPU
		{6A88BDBD-A52A-4182-8F5A-F81665D8B820}.Release|x86.Build.0 = Release|Any CPU
		{7EEFAF69-156E-4CB6-8496-DA4D58035068}.Debug|Any CPU.ActiveCfg = Debug|Any CPU
		{7EEFAF69-156E-4CB6-8496-DA4D58035068}.Debug|Any CPU.Build.0 = Debug|Any CPU
		{7EEFAF69-156E-4CB6-8496-DA4D58035068}.Debug|x64.ActiveCfg = Debug|Any CPU
		{7EEFAF69-156E-4CB6-8496-DA4D58035068}.Debug|x64.Build.0 = Debug|Any CPU
		{7EEFAF69-156E-4CB6-8496-DA4D58035068}.Debug|x86.ActiveCfg = Debug|Any CPU
		{7EEFAF69-156E-4CB6-8496-DA4D58035068}.Debug|x86.Build.0 = Debug|Any CPU
		{7EEFAF69-156E-4CB6-8496-DA4D58035068}.Release|Any CPU.ActiveCfg = Release|Any CPU
		{7EEFAF69-156E-4CB6-8496-DA4D58035068}.Release|Any CPU.Build.0 = Release|Any CPU
		{7EEFAF69-156E-4CB6-8496-DA4D58035068}.Release|x64.ActiveCfg = Release|Any CPU
		{7EEFAF69-156E-4CB6-8496-DA4D58035068}.Release|x64.Build.0 = Release|Any CPU
		{7EEFAF69-156E-4CB6-8496-DA4D58035068}.Release|x86.ActiveCfg = Release|Any CPU
		{7EEFAF69-156E-4CB6-8496-DA4D58035068}.Release|x86.Build.0 = Release|Any CPU
		{7D2D77FC-2BE6-429D-8A33-1CA2BC0E7BC2}.Debug|Any CPU.ActiveCfg = Debug|Any CPU
		{7D2D77FC-2BE6-429D-8A33-1CA2BC0E7BC2}.Debug|Any CPU.Build.0 = Debug|Any CPU
		{7D2D77FC-2BE6-429D-8A33-1CA2BC0E7BC2}.Debug|x64.ActiveCfg = Debug|Any CPU
		{7D2D77FC-2BE6-429D-8A33-1CA2BC0E7BC2}.Debug|x64.Build.0 = Debug|Any CPU
		{7D2D77FC-2BE6-429D-8A33-1CA2BC0E7BC2}.Debug|x86.ActiveCfg = Debug|Any CPU
		{7D2D77FC-2BE6-429D-8A33-1CA2BC0E7BC2}.Debug|x86.Build.0 = Debug|Any CPU
		{7D2D77FC-2BE6-429D-8A33-1CA2BC0E7BC2}.Release|Any CPU.ActiveCfg = Release|Any CPU
		{7D2D77FC-2BE6-429D-8A33-1CA2BC0E7BC2}.Release|Any CPU.Build.0 = Release|Any CPU
		{7D2D77FC-2BE6-429D-8A33-1CA2BC0E7BC2}.Release|x64.ActiveCfg = Release|Any CPU
		{7D2D77FC-2BE6-429D-8A33-1CA2BC0E7BC2}.Release|x64.Build.0 = Release|Any CPU
		{7D2D77FC-2BE6-429D-8A33-1CA2BC0E7BC2}.Release|x86.ActiveCfg = Release|Any CPU
		{7D2D77FC-2BE6-429D-8A33-1CA2BC0E7BC2}.Release|x86.Build.0 = Release|Any CPU
		{FA9E327F-0484-4A30-BA71-0CEB7B540647}.Debug|Any CPU.ActiveCfg = Debug|Any CPU
		{FA9E327F-0484-4A30-BA71-0CEB7B540647}.Debug|Any CPU.Build.0 = Debug|Any CPU
		{FA9E327F-0484-4A30-BA71-0CEB7B540647}.Debug|x64.ActiveCfg = Debug|Any CPU
		{FA9E327F-0484-4A30-BA71-0CEB7B540647}.Debug|x64.Build.0 = Debug|Any CPU
		{FA9E327F-0484-4A30-BA71-0CEB7B540647}.Debug|x86.ActiveCfg = Debug|Any CPU
		{FA9E327F-0484-4A30-BA71-0CEB7B540647}.Debug|x86.Build.0 = Debug|Any CPU
		{FA9E327F-0484-4A30-BA71-0CEB7B540647}.Release|Any CPU.ActiveCfg = Release|Any CPU
		{FA9E327F-0484-4A30-BA71-0CEB7B540647}.Release|Any CPU.Build.0 = Release|Any CPU
		{FA9E327F-0484-4A30-BA71-0CEB7B540647}.Release|x64.ActiveCfg = Release|Any CPU
		{FA9E327F-0484-4A30-BA71-0CEB7B540647}.Release|x64.Build.0 = Release|Any CPU
		{FA9E327F-0484-4A30-BA71-0CEB7B540647}.Release|x86.ActiveCfg = Release|Any CPU
		{FA9E327F-0484-4A30-BA71-0CEB7B540647}.Release|x86.Build.0 = Release|Any CPU
		{9CFFA655-AF00-4255-9A89-BFA39D3EB92A}.Debug|Any CPU.ActiveCfg = Debug|Any CPU
		{9CFFA655-AF00-4255-9A89-BFA39D3EB92A}.Debug|Any CPU.Build.0 = Debug|Any CPU
		{9CFFA655-AF00-4255-9A89-BFA39D3EB92A}.Debug|x64.ActiveCfg = Debug|Any CPU
		{9CFFA655-AF00-4255-9A89-BFA39D3EB92A}.Debug|x64.Build.0 = Debug|Any CPU
		{9CFFA655-AF00-4255-9A89-BFA39D3EB92A}.Debug|x86.ActiveCfg = Debug|Any CPU
		{9CFFA655-AF00-4255-9A89-BFA39D3EB92A}.Debug|x86.Build.0 = Debug|Any CPU
		{9CFFA655-AF00-4255-9A89-BFA39D3EB92A}.Release|Any CPU.ActiveCfg = Release|Any CPU
		{9CFFA655-AF00-4255-9A89-BFA39D3EB92A}.Release|Any CPU.Build.0 = Release|Any CPU
		{9CFFA655-AF00-4255-9A89-BFA39D3EB92A}.Release|x64.ActiveCfg = Release|Any CPU
		{9CFFA655-AF00-4255-9A89-BFA39D3EB92A}.Release|x64.Build.0 = Release|Any CPU
		{9CFFA655-AF00-4255-9A89-BFA39D3EB92A}.Release|x86.ActiveCfg = Release|Any CPU
		{9CFFA655-AF00-4255-9A89-BFA39D3EB92A}.Release|x86.Build.0 = Release|Any CPU
		{CCA8A574-77A6-4BD1-AC51-91090460BEBF}.Debug|Any CPU.ActiveCfg = Debug|Any CPU
		{CCA8A574-77A6-4BD1-AC51-91090460BEBF}.Debug|Any CPU.Build.0 = Debug|Any CPU
		{CCA8A574-77A6-4BD1-AC51-91090460BEBF}.Debug|x64.ActiveCfg = Debug|Any CPU
		{CCA8A574-77A6-4BD1-AC51-91090460BEBF}.Debug|x64.Build.0 = Debug|Any CPU
		{CCA8A574-77A6-4BD1-AC51-91090460BEBF}.Debug|x86.ActiveCfg = Debug|Any CPU
		{CCA8A574-77A6-4BD1-AC51-91090460BEBF}.Debug|x86.Build.0 = Debug|Any CPU
		{CCA8A574-77A6-4BD1-AC51-91090460BEBF}.Release|Any CPU.ActiveCfg = Release|Any CPU
		{CCA8A574-77A6-4BD1-AC51-91090460BEBF}.Release|Any CPU.Build.0 = Release|Any CPU
		{CCA8A574-77A6-4BD1-AC51-91090460BEBF}.Release|x64.ActiveCfg = Release|Any CPU
		{CCA8A574-77A6-4BD1-AC51-91090460BEBF}.Release|x64.Build.0 = Release|Any CPU
		{CCA8A574-77A6-4BD1-AC51-91090460BEBF}.Release|x86.ActiveCfg = Release|Any CPU
		{CCA8A574-77A6-4BD1-AC51-91090460BEBF}.Release|x86.Build.0 = Release|Any CPU
		{66A6E6D4-ED94-483C-9E9B-73AE19BF0CA8}.Debug|Any CPU.ActiveCfg = Debug|Any CPU
		{66A6E6D4-ED94-483C-9E9B-73AE19BF0CA8}.Debug|Any CPU.Build.0 = Debug|Any CPU
		{66A6E6D4-ED94-483C-9E9B-73AE19BF0CA8}.Debug|x64.ActiveCfg = Debug|Any CPU
		{66A6E6D4-ED94-483C-9E9B-73AE19BF0CA8}.Debug|x64.Build.0 = Debug|Any CPU
		{66A6E6D4-ED94-483C-9E9B-73AE19BF0CA8}.Debug|x86.ActiveCfg = Debug|Any CPU
		{66A6E6D4-ED94-483C-9E9B-73AE19BF0CA8}.Debug|x86.Build.0 = Debug|Any CPU
		{66A6E6D4-ED94-483C-9E9B-73AE19BF0CA8}.Release|Any CPU.ActiveCfg = Release|Any CPU
		{66A6E6D4-ED94-483C-9E9B-73AE19BF0CA8}.Release|Any CPU.Build.0 = Release|Any CPU
		{66A6E6D4-ED94-483C-9E9B-73AE19BF0CA8}.Release|x64.ActiveCfg = Release|Any CPU
		{66A6E6D4-ED94-483C-9E9B-73AE19BF0CA8}.Release|x64.Build.0 = Release|Any CPU
		{66A6E6D4-ED94-483C-9E9B-73AE19BF0CA8}.Release|x86.ActiveCfg = Release|Any CPU
		{66A6E6D4-ED94-483C-9E9B-73AE19BF0CA8}.Release|x86.Build.0 = Release|Any CPU
		{24A78F07-BD99-4969-AB6F-0B6A15F4C2E9}.Debug|Any CPU.ActiveCfg = Debug|Any CPU
		{24A78F07-BD99-4969-AB6F-0B6A15F4C2E9}.Debug|Any CPU.Build.0 = Debug|Any CPU
		{24A78F07-BD99-4969-AB6F-0B6A15F4C2E9}.Debug|x64.ActiveCfg = Debug|Any CPU
		{24A78F07-BD99-4969-AB6F-0B6A15F4C2E9}.Debug|x64.Build.0 = Debug|Any CPU
		{24A78F07-BD99-4969-AB6F-0B6A15F4C2E9}.Debug|x86.ActiveCfg = Debug|Any CPU
		{24A78F07-BD99-4969-AB6F-0B6A15F4C2E9}.Debug|x86.Build.0 = Debug|Any CPU
		{24A78F07-BD99-4969-AB6F-0B6A15F4C2E9}.Release|Any CPU.ActiveCfg = Release|Any CPU
		{24A78F07-BD99-4969-AB6F-0B6A15F4C2E9}.Release|Any CPU.Build.0 = Release|Any CPU
		{24A78F07-BD99-4969-AB6F-0B6A15F4C2E9}.Release|x64.ActiveCfg = Release|Any CPU
		{24A78F07-BD99-4969-AB6F-0B6A15F4C2E9}.Release|x64.Build.0 = Release|Any CPU
		{24A78F07-BD99-4969-AB6F-0B6A15F4C2E9}.Release|x86.ActiveCfg = Release|Any CPU
		{24A78F07-BD99-4969-AB6F-0B6A15F4C2E9}.Release|x86.Build.0 = Release|Any CPU
		{EB20A70A-E737-4181-A35F-9B84BADCFB19}.Debug|Any CPU.ActiveCfg = Debug|Any CPU
		{EB20A70A-E737-4181-A35F-9B84BADCFB19}.Debug|Any CPU.Build.0 = Debug|Any CPU
		{EB20A70A-E737-4181-A35F-9B84BADCFB19}.Debug|x64.ActiveCfg = Debug|Any CPU
		{EB20A70A-E737-4181-A35F-9B84BADCFB19}.Debug|x64.Build.0 = Debug|Any CPU
		{EB20A70A-E737-4181-A35F-9B84BADCFB19}.Debug|x86.ActiveCfg = Debug|Any CPU
		{EB20A70A-E737-4181-A35F-9B84BADCFB19}.Debug|x86.Build.0 = Debug|Any CPU
		{EB20A70A-E737-4181-A35F-9B84BADCFB19}.Release|Any CPU.ActiveCfg = Release|Any CPU
		{EB20A70A-E737-4181-A35F-9B84BADCFB19}.Release|Any CPU.Build.0 = Release|Any CPU
		{EB20A70A-E737-4181-A35F-9B84BADCFB19}.Release|x64.ActiveCfg = Release|Any CPU
		{EB20A70A-E737-4181-A35F-9B84BADCFB19}.Release|x64.Build.0 = Release|Any CPU
		{EB20A70A-E737-4181-A35F-9B84BADCFB19}.Release|x86.ActiveCfg = Release|Any CPU
		{EB20A70A-E737-4181-A35F-9B84BADCFB19}.Release|x86.Build.0 = Release|Any CPU
		{70EFD234-0A6D-4827-AE22-DAF69449EBE1}.Debug|Any CPU.ActiveCfg = Debug|Any CPU
		{70EFD234-0A6D-4827-AE22-DAF69449EBE1}.Debug|Any CPU.Build.0 = Debug|Any CPU
		{70EFD234-0A6D-4827-AE22-DAF69449EBE1}.Debug|x64.ActiveCfg = Debug|Any CPU
		{70EFD234-0A6D-4827-AE22-DAF69449EBE1}.Debug|x64.Build.0 = Debug|Any CPU
		{70EFD234-0A6D-4827-AE22-DAF69449EBE1}.Debug|x86.ActiveCfg = Debug|Any CPU
		{70EFD234-0A6D-4827-AE22-DAF69449EBE1}.Debug|x86.Build.0 = Debug|Any CPU
		{70EFD234-0A6D-4827-AE22-DAF69449EBE1}.Release|Any CPU.ActiveCfg = Release|Any CPU
		{70EFD234-0A6D-4827-AE22-DAF69449EBE1}.Release|Any CPU.Build.0 = Release|Any CPU
		{70EFD234-0A6D-4827-AE22-DAF69449EBE1}.Release|x64.ActiveCfg = Release|Any CPU
		{70EFD234-0A6D-4827-AE22-DAF69449EBE1}.Release|x64.Build.0 = Release|Any CPU
		{70EFD234-0A6D-4827-AE22-DAF69449EBE1}.Release|x86.ActiveCfg = Release|Any CPU
		{70EFD234-0A6D-4827-AE22-DAF69449EBE1}.Release|x86.Build.0 = Release|Any CPU
	EndGlobalSection
	GlobalSection(SolutionProperties) = preSolution
		HideSolutionNode = FALSE
	EndGlobalSection
	GlobalSection(NestedProjects) = preSolution
		{3B5D2BB9-AE98-4C7E-8108-0E1E9E647E4A} = {5473CDED-F05D-4D3E-898F-61113F316D13}
		{58157454-B4E0-45C7-92C6-E62E4DD6C322} = {5473CDED-F05D-4D3E-898F-61113F316D13}
		{1C0D49F8-F675-4544-8407-91320E3E1E9F} = {5473CDED-F05D-4D3E-898F-61113F316D13}
		{55FC53FD-70DD-49E5-BEEC-65B996E3076E} = {5473CDED-F05D-4D3E-898F-61113F316D13}
		{37E856CB-75BF-4DD8-8E42-2149E9C51B2C} = {5473CDED-F05D-4D3E-898F-61113F316D13}
		{6A88BDBD-A52A-4182-8F5A-F81665D8B820} = {91A9BB08-484F-41AF-927E-0675E089C66F}
		{7EEFAF69-156E-4CB6-8496-DA4D58035068} = {91A9BB08-484F-41AF-927E-0675E089C66F}
		{7D2D77FC-2BE6-429D-8A33-1CA2BC0E7BC2} = {D31F364E-F3B2-41FB-88EC-B9F61FC88A9D}
		{FA9E327F-0484-4A30-BA71-0CEB7B540647} = {3B5D2BB9-AE98-4C7E-8108-0E1E9E647E4A}
		{9CFFA655-AF00-4255-9A89-BFA39D3EB92A} = {3B5D2BB9-AE98-4C7E-8108-0E1E9E647E4A}
		{CCA8A574-77A6-4BD1-AC51-91090460BEBF} = {3B5D2BB9-AE98-4C7E-8108-0E1E9E647E4A}
		{66A6E6D4-ED94-483C-9E9B-73AE19BF0CA8} = {3B5D2BB9-AE98-4C7E-8108-0E1E9E647E4A}
		{24A78F07-BD99-4969-AB6F-0B6A15F4C2E9} = {5473CDED-F05D-4D3E-898F-61113F316D13}
		{EB20A70A-E737-4181-A35F-9B84BADCFB19} = {D31F364E-F3B2-41FB-88EC-B9F61FC88A9D}
		{70EFD234-0A6D-4827-AE22-DAF69449EBE1} = {D7CE84ED-0483-4DC2-8730-67564020976B}
	EndGlobalSection
	GlobalSection(ExtensibilityGlobals) = postSolution
		SolutionGuid = {97A4F41B-875A-4120-B82A-EC9DD024EEDB}
	EndGlobalSection
EndGlobal
